
Microsoft Visual Studio Solution File, Format Version 12.00
# Visual Studio Version 17
VisualStudioVersion = 17.3.32819.101
MinimumVisualStudioVersion = 10.0.40219.1
Project("{9A19103F-16F7-4668-BE54-9A1E7A4F7556}") = "election", "api\election.csproj", "{E26768C9-1D34-4FD2-B27B-46F9DC1E5CF1}"
EndProject
Project("{FAE04EC0-301F-11D3-BF4B-00C04F79EFBC}") = "web", "web\web.csproj", "{EAEE6393-1D15-4959-ADD5-3F5A34A95895}"
EndProject
Project("{FAE04EC0-301F-11D3-BF4B-00C04F79EFBC}") = "shared", "shared\shared.csproj", "{C3B3A511-1A53-428F-A0A3-14F3E8684F79}"
EndProject
Global
	GlobalSection(SolutionConfigurationPlatforms) = preSolution
		Debug|Any CPU = Debug|Any CPU
		Release|Any CPU = Release|Any CPU
	EndGlobalSection
	GlobalSection(ProjectConfigurationPlatforms) = postSolution
		{E26768C9-1D34-4FD2-B27B-46F9DC1E5CF1}.Debug|Any CPU.ActiveCfg = Debug|Any CPU
		{E26768C9-1D34-4FD2-B27B-46F9DC1E5CF1}.Debug|Any CPU.Build.0 = Debug|Any CPU
		{E26768C9-1D34-4FD2-B27B-46F9DC1E5CF1}.Release|Any CPU.ActiveCfg = Release|Any CPU
		{E26768C9-1D34-4FD2-B27B-46F9DC1E5CF1}.Release|Any CPU.Build.0 = Release|Any CPU
		{EAEE6393-1D15-4959-ADD5-3F5A34A95895}.Debug|Any CPU.ActiveCfg = Debug|Any CPU
		{EAEE6393-1D15-4959-ADD5-3F5A34A95895}.Debug|Any CPU.Build.0 = Debug|Any CPU
		{EAEE6393-1D15-4959-ADD5-3F5A34A95895}.Release|Any CPU.ActiveCfg = Release|Any CPU
		{EAEE6393-1D15-4959-ADD5-3F5A34A95895}.Release|Any CPU.Build.0 = Release|Any CPU
		{C3B3A511-1A53-428F-A0A3-14F3E8684F79}.Debug|Any CPU.ActiveCfg = Debug|Any CPU
		{C3B3A511-1A53-428F-A0A3-14F3E8684F79}.Debug|Any CPU.Build.0 = Debug|Any CPU
		{C3B3A511-1A53-428F-A0A3-14F3E8684F79}.Release|Any CPU.ActiveCfg = Release|Any CPU
		{C3B3A511-1A53-428F-A0A3-14F3E8684F79}.Release|Any CPU.Build.0 = Release|Any CPU
	EndGlobalSection
	GlobalSection(SolutionProperties) = preSolution
		HideSolutionNode = FALSE
	EndGlobalSection
	GlobalSection(ExtensibilityGlobals) = postSolution
		SolutionGuid = {2E5EE5BF-2A35-4F93-8B83-9C4ED361E65A}
	EndGlobalSection
EndGlobal
